<?xml version="1.0" encoding="utf-8"?>
<Project ToolsVersion="4.0" xmlns="http://schemas.microsoft.com/developer/msbuild/2003">
  <ItemGroup>
    <Filter Include="Исходные файлы">
      <UniqueIdentifier>{4FC737F1-C7A5-4376-A066-2A32D752A2FF}</UniqueIdentifier>
      <Extensions>cpp;c;cc;cxx;def;odl;idl;hpj;bat;asm;asmx</Extensions>
    </Filter>
    <Filter Include="Файлы заголовков">
      <UniqueIdentifier>{93995380-89BD-4b04-88EB-625FBE52EBFB}</UniqueIdentifier>
      <Extensions>h;hh;hpp;hxx;hm;inl;inc;xsd</Extensions>
    </Filter>
    <Filter Include="Файлы ресурсов">
      <UniqueIdentifier>{67DA6AB6-F800-4c08-8B7A-83BB121AAD01}</UniqueIdentifier>
      <Extensions>rc;ico;cur;bmp;dlg;rc2;rct;bin;rgs;gif;jpg;jpeg;jpe;resx;tiff;tif;png;wav;mfcribbon-ms</Extensions>
    </Filter>
    <Filter Include="Файлы заголовков\Lab4">
      <UniqueIdentifier>{a797534c-0d61-4602-aa00-7fb71c701c24}</UniqueIdentifier>
    </Filter>
    <Filter Include="Исходные файлы\Lab4">
      <UniqueIdentifier>{9e2517c8-85b1-44f8-9c39-63dbd865fef2}</UniqueIdentifier>
    </Filter>
    <Filter Include="Исходные файлы\Lab5">
      <UniqueIdentifier>{eff638a8-fbd3-46af-ab48-760e85b77e6e}</UniqueIdentifier>
    </Filter>
    <Filter Include="Файлы заголовков\Lab5">
      <UniqueIdentifier>{a70bbbbf-2631-470c-90a5-e748795f08a4}</UniqueIdentifier>
    </Filter>
    <Filter Include="Файлы заголовков\Person  Stuff">
      <UniqueIdentifier>{bf7a8fd9-c7c5-4984-81b8-bb1e1969920a}</UniqueIdentifier>
    </Filter>
    <Filter Include="Исходные файлы\Person Stuff">
      <UniqueIdentifier>{c1587e79-3dec-42d6-9f70-70b1d95cc59c}</UniqueIdentifier>
    </Filter>
    <Filter Include="Исходные файлы\Lab6">
      <UniqueIdentifier>{d792d293-d6bf-4474-9db4-d2d0c2204db5}</UniqueIdentifier>
    </Filter>
    <Filter Include="Файлы заголовков\Lab6">
      <UniqueIdentifier>{673e750e-578a-4ca1-8d0d-5e8dc69fcf71}</UniqueIdentifier>
    </Filter>
  </ItemGroup>
  <ItemGroup>
    <ClInclude Include="stdafx.h">
      <Filter>Файлы заголовков</Filter>
    </ClInclude>
    <ClInclude Include="targetver.h">
      <Filter>Файлы заголовков</Filter>
    </ClInclude>
    <ClInclude Include="Input.h">
      <Filter>Файлы заголовков</Filter>
    </ClInclude>
    <ClInclude Include="PersonListDemo.h">
      <Filter>Файлы заголовков\Lab4</Filter>
    </ClInclude>
    <ClInclude Include="ClassDemo.h">
      <Filter>Файлы заголовков\Lab5</Filter>
    </ClInclude>
    <ClInclude Include="Person.h">
      <Filter>Файлы заголовков\Person  Stuff</Filter>
    </ClInclude>
    <ClInclude Include="PersonInstruments.h">
      <Filter>Файлы заголовков\Person  Stuff</Filter>
    </ClInclude>
    <ClInclude Include="Gender.h">
      <Filter>Файлы заголовков\Person  Stuff</Filter>
    </ClInclude>
    <ClInclude Include="PersonList.h">
      <Filter>Файлы заголовков\Lab5</Filter>
    </ClInclude>
    <ClInclude Include="Adult.h">
      <Filter>Файлы заголовков\Lab6</Filter>
    </ClInclude>
    <ClInclude Include="Child.h">
      <Filter>Файлы заголовков\Lab6</Filter>
    </ClInclude>
    <ClInclude Include="Lab6Demo.h">
      <Filter>Файлы заголовков</Filter>
    </ClInclude>
    <ClInclude Include="ListNode.h">
      <Filter>Файлы заголовков\Lab5</Filter>
    </ClInclude>
  </ItemGroup>
  <ItemGroup>
    <ClCompile Include="stdafx.cpp">
      <Filter>Исходные файлы</Filter>
    </ClCompile>
    <ClCompile Include="MainProject.cpp">
      <Filter>Исходные файлы</Filter>
    </ClCompile>
    <ClCompile Include="Input.cpp">
      <Filter>Исходные файлы</Filter>
    </ClCompile>
    <ClCompile Include="PersonListDemo.cpp">
      <Filter>Исходные файлы\Lab4</Filter>
    </ClCompile>
    <ClCompile Include="ClassDemo.cpp">
      <Filter>Исходные файлы\Lab5</Filter>
    </ClCompile>
    <ClCompile Include="Person.cpp">
      <Filter>Исходные файлы\Person Stuff</Filter>
    </ClCompile>
    <ClCompile Include="PersonInstruments.cpp">
      <Filter>Исходные файлы\Person Stuff</Filter>
    </ClCompile>
    <ClCompile Include="PersonList.cpp">
      <Filter>Исходные файлы\Lab5</Filter>
    </ClCompile>
    <ClCompile Include="Adult.cpp">
      <Filter>Исходные файлы\Lab6</Filter>
    </ClCompile>
    <ClCompile Include="Child.cpp">
      <Filter>Исходные файлы\Lab6</Filter>
    </ClCompile>
    <ClCompile Include="Lab6Demo.cpp">
      <Filter>Исходные файлы</Filter>
    </ClCompile>
  </ItemGroup>
</Project>